
Microsoft Visual Studio Solution File, Format Version 12.00
# Visual Studio Version 17
VisualStudioVersion = 17.11.35327.3
MinimumVisualStudioVersion = 10.0.40219.1
Project("{9A19103F-16F7-4668-BE54-9A1E7A4F7556}") = "CircleApp", "CircleApp\CircleApp.csproj", "{61A2D586-F970-4C69-ABA8-68A264FF4EBE}"
EndProject
Project("{FAE04EC0-301F-11D3-BF4B-00C04F79EFBC}") = "CircleApp.Data", "CircleApp.Data\CircleApp.Data.csproj", "{F4B1CA35-A1AB-4538-A9E7-00024945753D}"
EndProject
Global
	GlobalSection(SolutionConfigurationPlatforms) = preSolution
		Debug|Any CPU = Debug|Any CPU
		Release|Any CPU = Release|Any CPU
	EndGlobalSection
	GlobalSection(ProjectConfigurationPlatforms) = postSolution
		{61A2D586-F970-4C69-ABA8-68A264FF4EBE}.Debug|Any CPU.ActiveCfg = Debug|Any CPU
		{61A2D586-F970-4C69-ABA8-68A264FF4EBE}.Debug|Any CPU.Build.0 = Debug|Any CPU
		{61A2D586-F970-4C69-ABA8-68A264FF4EBE}.Release|Any CPU.ActiveCfg = Release|Any CPU
		{61A2D586-F970-4C69-ABA8-68A264FF4EBE}.Release|Any CPU.Build.0 = Release|Any CPU
		{F4B1CA35-A1AB-4538-A9E7-00024945753D}.Debug|Any CPU.ActiveCfg = Debug|Any CPU
		{F4B1CA35-A1AB-4538-A9E7-00024945753D}.Debug|Any CPU.Build.0 = Debug|Any CPU
		{F4B1CA35-A1AB-4538-A9E7-00024945753D}.Release|Any CPU.ActiveCfg = Release|Any CPU
		{F4B1CA35-A1AB-4538-A9E7-00024945753D}.Release|Any CPU.Build.0 = Release|Any CPU
	EndGlobalSection
	GlobalSection(SolutionProperties) = preSolution
		HideSolutionNode = FALSE
	EndGlobalSection
	GlobalSection(ExtensibilityGlobals) = postSolution
		SolutionGuid = {2E65FE5A-D5E9-4ADE-A84C-775B7A381D54}
	EndGlobalSection
EndGlobal
